<Solution>
  <Folder Name="/src/">
    <Project Path="src/MeetCap.Cli/MeetCap.Cli.csproj" />
    <Project Path="src/MeetCap.Core/MeetCap.Core.csproj" />
    <Project Path="src/MeetCap.Persistence/MeetCap.Persistence.csproj" />
  </Folder>
  <Folder Name="/tests/">
    <Project Path="tests/MeetCap.Core.Tests/MeetCap.Core.Tests.csproj" />
    <Project Path="tests/MeetCap.Persistence.Tests/MeetCap.Persistence.Tests.csproj" />
  </Folder>
</Solution>
